Microsoft Visual Studio Solution File, Format Version 11.00
# Visual Studio 2008

Project("{77E9D2DF-8F48-CBA3-89A6-6B052237B3D9}") = "PacMan_Homework", "Assembly-CSharp.csproj", "{537E2EE4-A3A2-34FB-9ABB-A01F079612B6}"
EndProject
Global
	GlobalSection(SolutionConfigurationPlatforms) = preSolution
		Debug|Any CPU = Debug|Any CPU
		Release|Any CPU = Release|Any CPU
	EndGlobalSection
	GlobalSection(ProjectConfigurationPlatforms) = postSolution
		{537E2EE4-A3A2-34FB-9ABB-A01F079612B6}.Debug|Any CPU.ActiveCfg = Debug|Any CPU
		{537E2EE4-A3A2-34FB-9ABB-A01F079612B6}.Debug|Any CPU.Build.0 = Debug|Any CPU
		{537E2EE4-A3A2-34FB-9ABB-A01F079612B6}.Release|Any CPU.ActiveCfg = Release|Any CPU
		{537E2EE4-A3A2-34FB-9ABB-A01F079612B6}.Release|Any CPU.Build.0 = Release|Any CPU
	EndGlobalSection
	GlobalSection(SolutionProperties) = preSolution
		HideSolutionNode = FALSE
	EndGlobalSection
	GlobalSection(MonoDevelopProperties) = preSolution
		StartupItem = Assembly-CSharp.csproj
	EndGlobalSection
EndGlobal
